
Microsoft Visual Studio Solution File, Format Version 12.00
# Visual Studio Version 17
VisualStudioVersion = 17.3.32601.540
MinimumVisualStudioVersion = 10.0.40219.1
Project("{9A19103F-16F7-4668-BE54-9A1E7A4F7556}") = "Taskify.Data", "Taskify.Data\Taskify.Data.csproj", "{BFD27CA1-BC80-479F-B1E5-F0AE2566CE56}"
EndProject
Project("{9A19103F-16F7-4668-BE54-9A1E7A4F7556}") = "Taskify.AzureTables", "Taskify.AzureTables\Taskify.AzureTables.csproj", "{D78C7399-23DA-4A57-9211-8519CA0DEAC4}"
EndProject
Project("{9A19103F-16F7-4668-BE54-9A1E7A4F7556}") = "Taskify.Managers", "Taskify.Managers\Taskify.Managers.csproj", "{57B5B3D8-8CD5-4717-93CE-7D5769293CB9}"
EndProject
Project("{9A19103F-16F7-4668-BE54-9A1E7A4F7556}") = "Taskify.Api", "..\Client\src\api\Taskify.Api.csproj", "{C6B3B9FD-2EC1-412F-9035-35CA6CF485B4}"
EndProject
Global
	GlobalSection(SolutionConfigurationPlatforms) = preSolution
		Debug|Any CPU = Debug|Any CPU
		Release|Any CPU = Release|Any CPU
	EndGlobalSection
	GlobalSection(ProjectConfigurationPlatforms) = postSolution
		{BFD27CA1-BC80-479F-B1E5-F0AE2566CE56}.Debug|Any CPU.ActiveCfg = Debug|Any CPU
		{BFD27CA1-BC80-479F-B1E5-F0AE2566CE56}.Debug|Any CPU.Build.0 = Debug|Any CPU
		{BFD27CA1-BC80-479F-B1E5-F0AE2566CE56}.Release|Any CPU.ActiveCfg = Release|Any CPU
		{BFD27CA1-BC80-479F-B1E5-F0AE2566CE56}.Release|Any CPU.Build.0 = Release|Any CPU
		{D78C7399-23DA-4A57-9211-8519CA0DEAC4}.Debug|Any CPU.ActiveCfg = Debug|Any CPU
		{D78C7399-23DA-4A57-9211-8519CA0DEAC4}.Debug|Any CPU.Build.0 = Debug|Any CPU
		{D78C7399-23DA-4A57-9211-8519CA0DEAC4}.Release|Any CPU.ActiveCfg = Release|Any CPU
		{D78C7399-23DA-4A57-9211-8519CA0DEAC4}.Release|Any CPU.Build.0 = Release|Any CPU
		{57B5B3D8-8CD5-4717-93CE-7D5769293CB9}.Debug|Any CPU.ActiveCfg = Debug|Any CPU
		{57B5B3D8-8CD5-4717-93CE-7D5769293CB9}.Debug|Any CPU.Build.0 = Debug|Any CPU
		{57B5B3D8-8CD5-4717-93CE-7D5769293CB9}.Release|Any CPU.ActiveCfg = Release|Any CPU
		{57B5B3D8-8CD5-4717-93CE-7D5769293CB9}.Release|Any CPU.Build.0 = Release|Any CPU
		{C6B3B9FD-2EC1-412F-9035-35CA6CF485B4}.Debug|Any CPU.ActiveCfg = Debug|Any CPU
		{C6B3B9FD-2EC1-412F-9035-35CA6CF485B4}.Debug|Any CPU.Build.0 = Debug|Any CPU
		{C6B3B9FD-2EC1-412F-9035-35CA6CF485B4}.Release|Any CPU.ActiveCfg = Release|Any CPU
		{C6B3B9FD-2EC1-412F-9035-35CA6CF485B4}.Release|Any CPU.Build.0 = Release|Any CPU
	EndGlobalSection
	GlobalSection(SolutionProperties) = preSolution
		HideSolutionNode = FALSE
	EndGlobalSection
	GlobalSection(ExtensibilityGlobals) = postSolution
		SolutionGuid = {2218B648-F3DC-4FDC-A09D-DE636A88858F}
	EndGlobalSection
EndGlobal
